
Microsoft Visual Studio Solution File, Format Version 12.00
# Visual Studio Version 17
VisualStudioVersion = 17.9.34728.123
MinimumVisualStudioVersion = 10.0.40219.1
Project("{9A19103F-16F7-4668-BE54-9A1E7A4F7556}") = "EFCorePeliculasApi", "EFCorePeliculasApi\EFCorePeliculasApi.csproj", "{00D7993B-6955-47D3-BEB7-1CF1C6E57666}"
EndProject
Project("{FAE04EC0-301F-11D3-BF4B-00C04F79EFBC}") = "EFCorePeliculas.Pruebas", "EFCorePeliculas.Pruebas\EFCorePeliculas.Pruebas.csproj", "{036C8DB3-F2D3-46E3-BF04-555BAA129CFB}"
EndProject
Global
	GlobalSection(SolutionConfigurationPlatforms) = preSolution
		Debug|Any CPU = Debug|Any CPU
		Release|Any CPU = Release|Any CPU
	EndGlobalSection
	GlobalSection(ProjectConfigurationPlatforms) = postSolution
		{00D7993B-6955-47D3-BEB7-1CF1C6E57666}.Debug|Any CPU.ActiveCfg = Debug|Any CPU
		{00D7993B-6955-47D3-BEB7-1CF1C6E57666}.Debug|Any CPU.Build.0 = Debug|Any CPU
		{00D7993B-6955-47D3-BEB7-1CF1C6E57666}.Release|Any CPU.ActiveCfg = Release|Any CPU
		{00D7993B-6955-47D3-BEB7-1CF1C6E57666}.Release|Any CPU.Build.0 = Release|Any CPU
		{036C8DB3-F2D3-46E3-BF04-555BAA129CFB}.Debug|Any CPU.ActiveCfg = Debug|Any CPU
		{036C8DB3-F2D3-46E3-BF04-555BAA129CFB}.Debug|Any CPU.Build.0 = Debug|Any CPU
		{036C8DB3-F2D3-46E3-BF04-555BAA129CFB}.Release|Any CPU.ActiveCfg = Release|Any CPU
		{036C8DB3-F2D3-46E3-BF04-555BAA129CFB}.Release|Any CPU.Build.0 = Release|Any CPU
	EndGlobalSection
	GlobalSection(SolutionProperties) = preSolution
		HideSolutionNode = FALSE
	EndGlobalSection
	GlobalSection(ExtensibilityGlobals) = postSolution
		SolutionGuid = {9C603A20-C4C5-47BC-B562-7B1E0DD93233}
	EndGlobalSection
EndGlobal
